<?xml version="1.0" encoding="utf-8"?>
<Project ToolsVersion="4.0" xmlns="http://schemas.microsoft.com/developer/msbuild/2003">
  <ItemGroup>
    <Filter Include="源文件">
      <UniqueIdentifier>{4FC737F1-C7A5-4376-A066-2A32D752A2FF}</UniqueIdentifier>
      <Extensions>cpp;c;cc;cxx;c++;cppm;ixx;def;odl;idl;hpj;bat;asm;asmx</Extensions>
    </Filter>
    <Filter Include="头文件">
      <UniqueIdentifier>{93995380-89BD-4b04-88EB-625FBE52EBFB}</UniqueIdentifier>
      <Extensions>h;hh;hpp;hxx;h++;hm;inl;inc;ipp;xsd</Extensions>
    </Filter>
    <Filter Include="资源文件">
      <UniqueIdentifier>{67DA6AB6-F800-4c08-8B7A-83BB121AAD01}</UniqueIdentifier>
      <Extensions>rc;ico;cur;bmp;dlg;rc2;rct;bin;rgs;gif;jpg;jpeg;jpe;resx;tiff;tif;png;wav;mfcribbon-ms</Extensions>
    </Filter>
    <Filter Include="资源文件\Picture">
      <UniqueIdentifier>{06a23ada-f5e6-4d57-b23b-cc68035d6fe6}</UniqueIdentifier>
    </Filter>
    <Filter Include="资源文件\Shaders">
      <UniqueIdentifier>{80429d0c-0cfc-4b16-9edb-0cc9f5d0901d}</UniqueIdentifier>
    </Filter>
    <Filter Include="资源文件\Shaders\Basic_testShaders">
      <UniqueIdentifier>{8a4281a5-5399-464a-b12f-37b692c9ad3b}</UniqueIdentifier>
    </Filter>
    <Filter Include="资源文件\Shaders\Lighting_testShaders">
      <UniqueIdentifier>{62188e68-37de-43ba-83ee-64f3eca208e6}</UniqueIdentifier>
    </Filter>
  </ItemGroup>
  <ItemGroup>
    <ClCompile Include="main.cpp">
      <Filter>源文件</Filter>
    </ClCompile>
    <ClCompile Include="Classes\Shader.cpp">
      <Filter>源文件</Filter>
    </ClCompile>
    <ClCompile Include="glad\src\glad.c">
      <Filter>头文件</Filter>
    </ClCompile>
    <ClCompile Include="Classes\Camera.cpp">
      <Filter>头文件</Filter>
    </ClCompile>
  </ItemGroup>
  <ItemGroup>
    <ClInclude Include="Classes\Shader.h">
      <Filter>头文件</Filter>
    </ClInclude>
    <ClInclude Include="Classes\stb_image.h">
      <Filter>头文件</Filter>
    </ClInclude>
    <ClInclude Include="Classes\Basic_Test.h">
      <Filter>头文件</Filter>
    </ClInclude>
    <ClInclude Include="Classes\Camera.h">
      <Filter>头文件</Filter>
    </ClInclude>
    <ClInclude Include="Classes\Lighting_Test.h">
      <Filter>头文件</Filter>
    </ClInclude>
  </ItemGroup>
  <ItemGroup>
    <None Include="Shaders\basic_trans.frag">
      <Filter>资源文件\Shaders\Basic_testShaders</Filter>
    </None>
    <None Include="Shaders\basic_trans.vert">
      <Filter>资源文件\Shaders\Basic_testShaders</Filter>
    </None>
    <None Include="Shaders\container.frag">
      <Filter>资源文件\Shaders\Basic_testShaders</Filter>
    </None>
    <None Include="Shaders\container.vert">
      <Filter>资源文件\Shaders\Basic_testShaders</Filter>
    </None>
    <None Include="Shaders\glm.frag">
      <Filter>资源文件\Shaders\Basic_testShaders</Filter>
    </None>
    <None Include="Shaders\glm.vert">
      <Filter>资源文件\Shaders\Basic_testShaders</Filter>
    </None>
    <None Include="Shaders\primary_graphic.frag">
      <Filter>资源文件\Shaders\Basic_testShaders</Filter>
    </None>
    <None Include="Shaders\primary_graphic.vert">
      <Filter>资源文件\Shaders\Basic_testShaders</Filter>
    </None>
    <None Include="Shaders\triangle.frag">
      <Filter>资源文件\Shaders\Basic_testShaders</Filter>
    </None>
    <None Include="Shaders\triangle.vert">
      <Filter>资源文件\Shaders\Basic_testShaders</Filter>
    </None>
    <None Include="Shaders\Basic_Light.frag">
      <Filter>资源文件\Shaders\Lighting_testShaders</Filter>
    </None>
    <None Include="Shaders\Basic_Light.vert">
      <Filter>资源文件\Shaders\Lighting_testShaders</Filter>
    </None>
    <None Include="Shaders\Light.frag">
      <Filter>资源文件\Shaders\Lighting_testShaders</Filter>
    </None>
    <None Include="Shaders\Light.vert">
      <Filter>资源文件\Shaders\Lighting_testShaders</Filter>
    </None>
    <None Include="Shaders\Material.vert">
      <Filter>资源文件\Shaders\Lighting_testShaders</Filter>
    </None>
    <None Include="Shaders\Material.frag">
      <Filter>资源文件\Shaders\Lighting_testShaders</Filter>
    </None>
    <None Include="Shaders\DiffuseMap.vert">
      <Filter>资源文件\Shaders\Lighting_testShaders</Filter>
    </None>
    <None Include="Shaders\DiffuseMap.frag">
      <Filter>资源文件\Shaders\Lighting_testShaders</Filter>
    </None>
  </ItemGroup>
  <ItemGroup>
    <Image Include="Resources\awesomeface.png">
      <Filter>资源文件\Picture</Filter>
    </Image>
    <Image Include="Resources\container.jpg">
      <Filter>资源文件\Picture</Filter>
    </Image>
    <Image Include="Resources\wall.jpg">
      <Filter>资源文件\Picture</Filter>
    </Image>
    <Image Include="Resources\container2.png">
      <Filter>资源文件\Picture</Filter>
    </Image>
    <Image Include="Resources\container2_specular.png">
      <Filter>资源文件\Picture</Filter>
    </Image>
    <Image Include="Resources\matrix.jpg">
      <Filter>资源文件\Picture</Filter>
    </Image>
  </ItemGroup>
</Project>